
Microsoft Visual Studio Solution File, Format Version 12.00
# Visual Studio 15
VisualStudioVersion = 15.0.28307.572
MinimumVisualStudioVersion = 10.0.40219.1
Project("{FAE04EC0-301F-11D3-BF4B-00C04F79EFBC}") = "Week3_HomeWork", "Week3_HomeWork\Week3_HomeWork.csproj", "{8E38E116-A91E-468B-9BB1-C477E2C67F1B}"
EndProject
Global
	GlobalSection(SolutionConfigurationPlatforms) = preSolution
		Debug|Any CPU = Debug|Any CPU
		Release|Any CPU = Release|Any CPU
	EndGlobalSection
	GlobalSection(ProjectConfigurationPlatforms) = postSolution
		{8E38E116-A91E-468B-9BB1-C477E2C67F1B}.Debug|Any CPU.ActiveCfg = Debug|Any CPU
		{8E38E116-A91E-468B-9BB1-C477E2C67F1B}.Debug|Any CPU.Build.0 = Debug|Any CPU
		{8E38E116-A91E-468B-9BB1-C477E2C67F1B}.Release|Any CPU.ActiveCfg = Release|Any CPU
		{8E38E116-A91E-468B-9BB1-C477E2C67F1B}.Release|Any CPU.Build.0 = Release|Any CPU
	EndGlobalSection
	GlobalSection(SolutionProperties) = preSolution
		HideSolutionNode = FALSE
	EndGlobalSection
	GlobalSection(ExtensibilityGlobals) = postSolution
		SolutionGuid = {FA75AD1A-0A39-449A-8E6A-433795EBD782}
	EndGlobalSection
EndGlobal
